// !$*UTF8*$!
{
	archiveVersion = 1;
	classes = {
	};
	objectVersion = 77;
	objects = {

/* Begin PBXBuildFile section */
		BC19159D3030692B006F54EB /* ReplayKit.framework in Frameworks */ = {isa = PBXBuildFile; fileRef = BC19159C3030692B006F54EB /* ReplayKit.framework */; };
		BC1915A73030692B006F54EB /* ReplayKit.framework in Frameworks */ = {isa = PBXBuildFile; fileRef = BC19159C3030692B006F54EB /* ReplayKit.framework */; };
		BC1915A93030692B006F54EB /* UIKit.framework in Frameworks */ = {isa = PBXBuildFile; fileRef = BC1915A83030692B006F54EB /* UIKit.framework */; };
		BC1915B03030692B006F54EB /* BroadcastExtensionSetupUI.appex in Embed Foundation Extensions */ = {isa = PBXBuildFile; fileRef = BC1915A63030692B006F54EB /* BroadcastExtensionSetupUI.appex */; settings = {ATTRIBUTES = (RemoveHeadersOnCopy, ); }; };
		BC1915B33030692B006F54EB /* BroadcastExtension.appex in Embed Foundation Extensions */ = {isa = PBXBuildFile; fileRef = BC19159A3030692B006F54EB /* BroadcastExtension.appex */; settings = {ATTRIBUTES = (RemoveHeadersOnCopy, ); }; };
/* End PBXBuildFile section */

/* Begin PBXContainerItemProxy section */
		BC1915AE3030692B006F54EB /* PBXContainerItemProxy */ = {
			isa = PBXContainerItemProxy;
			containerPortal = BCA5D76230162AC90078A4F1 /* Project object */;
			proxyType = 1;
			remoteGlobalIDString = BC1915A53030692B006F54EB;
			remoteInfo = BroadcastExtensionSetupUI;
		};
		BC1915B13030692B006F54EB /* PBXContainerItemProxy */ = {
			isa = PBXContainerItemProxy;
			containerPortal = BCA5D76230162AC90078A4F1 /* Project object */;
			proxyType = 1;
			remoteGlobalIDString = BC1915993030692B006F54EB;
			remoteInfo = BroadcastExtension;
		};
		BCA5D77830162ACA0078A4F1 /* PBXContainerItemProxy */ = {
			isa = PBXContainerItemProxy;
			containerPortal = BCA5D76230162AC90078A4F1 /* Project object */;
			proxyType = 1;
			remoteGlobalIDString = BCA5D76930162AC90078A4F1;
			remoteInfo = ReplayKitApp;
		};
		BCA5D78230162ACA0078A4F1 /* PBXContainerItemProxy */ = {
			isa = PBXContainerItemProxy;
			containerPortal = BCA5D76230162AC90078A4F1 /* Project object */;
			proxyType = 1;
			remoteGlobalIDString = BCA5D76930162AC90078A4F1;
			remoteInfo = ReplayKitApp;
		};
/* End PBXContainerItemProxy section */

/* Begin PBXCopyFilesBuildPhase section */
		BC1915B43030692B006F54EB /* Embed Foundation Extensions */ = {
			isa = PBXCopyFilesBuildPhase;
			buildActionMask = 2147483647;
			dstPath = "";
			dstSubfolderSpec = 13;
			files = (
				BC1915B33030692B006F54EB /* BroadcastExtension.appex in Embed Foundation Extensions */,
				BC1915B03030692B006F54EB /* BroadcastExtensionSetupUI.appex in Embed Foundation Extensions */,
			);
			name = "Embed Foundation Extensions";
			runOnlyForDeploymentPostprocessing = 0;
		};
/* End PBXCopyFilesBuildPhase section */

/* Begin PBXFileReference section */
		BC19159A3030692B006F54EB /* BroadcastExtension.appex */ = {isa = PBXFileReference; explicitFileType = "wrapper.app-extension"; includeInIndex = 0; path = BroadcastExtension.appex; sourceTree = BUILT_PRODUCTS_DIR; };
		BC19159C3030692B006F54EB /* ReplayKit.framework */ = {isa = PBXFileReference; lastKnownFileType = wrapper.framework; name = ReplayKit.framework; path = System/Library/Frameworks/ReplayKit.framework; sourceTree = SDKROOT; };
		BC1915A63030692B006F54EB /* BroadcastExtensionSetupUI.appex */ = {isa = PBXFileReference; explicitFileType = "wrapper.app-extension"; includeInIndex = 0; path = BroadcastExtensionSetupUI.appex; sourceTree = BUILT_PRODUCTS_DIR; };
		BC1915A83030692B006F54EB /* UIKit.framework */ = {isa = PBXFileReference; lastKnownFileType = wrapper.framework; name = UIKit.framework; path = System/Library/Frameworks/UIKit.framework; sourceTree = SDKROOT; };
		BCA5D76A30162AC90078A4F1 /* ReplayKitApp.app */ = {isa = PBXFileReference; explicitFileType = wrapper.application; includeInIndex = 0; path = ReplayKitApp.app; sourceTree = BUILT_PRODUCTS_DIR; };
		BCA5D77730162ACA0078A4F1 /* ReplayKitAppTests.xctest */ = {isa = PBXFileReference; explicitFileType = wrapper.cfbundle; includeInIndex = 0; path = ReplayKitAppTests.xctest; sourceTree = BUILT_PRODUCTS_DIR; };
		BCA5D78130162ACA0078A4F1 /* ReplayKitAppUITests.xctest */ = {isa = PBXFileReference; explicitFileType = wrapper.cfbundle; includeInIndex = 0; path = ReplayKitAppUITests.xctest; sourceTree = BUILT_PRODUCTS_DIR; };
/* End PBXFileReference section */

/* Begin PBXFileSystemSynchronizedBuildFileExceptionSet section */
		BC1915B93030692B006F54EB /* Exceptions for "BroadcastExtension" folder in "BroadcastExtension" target */ = {
			isa = PBXFileSystemSynchronizedBuildFileExceptionSet;
			membershipExceptions = (
				Info.plist,
			);
			target = BC1915993030692B006F54EB /* BroadcastExtension */;
		};
		BC1915BB3030692B006F54EB /* Exceptions for "BroadcastExtensionSetupUI" folder in "BroadcastExtensionSetupUI" target */ = {
			isa = PBXFileSystemSynchronizedBuildFileExceptionSet;
			membershipExceptions = (
				Info.plist,
			);
			target = BC1915A53030692B006F54EB /* BroadcastExtensionSetupUI */;
		};
		BC1915BF30306A82006F54EB /* Exceptions for "ReplayKitApp" folder in "BroadcastExtension" target */ = {
			isa = PBXFileSystemSynchronizedBuildFileExceptionSet;
			membershipExceptions = (
				Keychain/KeychainService.swift,
				"System-Wide Screen Broadcast/SampleHandler.swift",
			);
			target = BC1915993030692B006F54EB /* BroadcastExtension */;
		};
		BC1916D13035AF28006F54EB /* Exceptions for "ReplayKitApp" folder in "ReplayKitApp" target */ = {
			isa = PBXFileSystemSynchronizedBuildFileExceptionSet;
			membershipExceptions = (
				"docs/@MainActor.png",
			);
			target = BCA5D76930162AC90078A4F1 /* ReplayKitApp */;
		};
/* End PBXFileSystemSynchronizedBuildFileExceptionSet section */

/* Begin PBXFileSystemSynchronizedRootGroup section */
		BC19159E3030692B006F54EB /* BroadcastExtension */ = {
			isa = PBXFileSystemSynchronizedRootGroup;
			exceptions = (
				BC1915B93030692B006F54EB /* Exceptions for "BroadcastExtension" folder in "BroadcastExtension" target */,
			);
			path = BroadcastExtension;
			sourceTree = "<group>";
		};
		BC1915AA3030692B006F54EB /* BroadcastExtensionSetupUI */ = {
			isa = PBXFileSystemSynchronizedRootGroup;
			exceptions = (
				BC1915BB3030692B006F54EB /* Exceptions for "BroadcastExtensionSetupUI" folder in "BroadcastExtensionSetupUI" target */,
			);
			path = BroadcastExtensionSetupUI;
			sourceTree = "<group>";
		};
		BCA5D76C30162AC90078A4F1 /* ReplayKitApp */ = {
			isa = PBXFileSystemSynchronizedRootGroup;
			exceptions = (
				BC1916D13035AF28006F54EB /* Exceptions for "ReplayKitApp" folder in "ReplayKitApp" target */,
				BC1915BF30306A82006F54EB /* Exceptions for "ReplayKitApp" folder in "BroadcastExtension" target */,
			);
			path = ReplayKitApp;
			sourceTree = "<group>";
		};
		BCA5D77A30162ACA0078A4F1 /* ReplayKitAppTests */ = {
			isa = PBXFileSystemSynchronizedRootGroup;
			path = ReplayKitAppTests;
			sourceTree = "<group>";
		};
		BCA5D78430162ACA0078A4F1 /* ReplayKitAppUITests */ = {
			isa = PBXFileSystemSynchronizedRootGroup;
			path = ReplayKitAppUITests;
			sourceTree = "<group>";
		};
/* End PBXFileSystemSynchronizedRootGroup section */

/* Begin PBXFrameworksBuildPhase section */
		BC1915973030692B006F54EB /* Frameworks */ = {
			isa = PBXFrameworksBuildPhase;
			buildActionMask = 2147483647;
			files = (
				BC19159D3030692B006F54EB /* ReplayKit.framework in Frameworks */,
			);
			runOnlyForDeploymentPostprocessing = 0;
		};
		BC1915A33030692B006F54EB /* Frameworks */ = {
			isa = PBXFrameworksBuildPhase;
			buildActionMask = 2147483647;
			files = (
				BC1915A73030692B006F54EB /* ReplayKit.framework in Frameworks */,
				BC1915A93030692B006F54EB /* UIKit.framework in Frameworks */,
			);
			runOnlyForDeploymentPostprocessing = 0;
		};
		BCA5D76730162AC90078A4F1 /* Frameworks */ = {
			isa = PBXFrameworksBuildPhase;
			buildActionMask = 2147483647;
			files = (
			);
			runOnlyForDeploymentPostprocessing = 0;
		};
		BCA5D77430162ACA0078A4F1 /* Frameworks */ = {
			isa = PBXFrameworksBuildPhase;
			buildActionMask = 2147483647;
			files = (
			);
			runOnlyForDeploymentPostprocessing = 0;
		};
		BCA5D77E30162ACA0078A4F1 /* Frameworks */ = {
			isa = PBXFrameworksBuildPhase;
			buildActionMask = 2147483647;
			files = (
			);
			runOnlyForDeploymentPostprocessing = 0;
		};
/* End PBXFrameworksBuildPhase section */

/* Begin PBXGroup section */
		BC19159B3030692B006F54EB /* Frameworks */ = {
			isa = PBXGroup;
			children = (
				BC19159C3030692B006F54EB /* ReplayKit.framework */,
				BC1915A83030692B006F54EB /* UIKit.framework */,
			);
			name = Frameworks;
			sourceTree = "<group>";
		};
		BCA5D76130162AC90078A4F1 = {
			isa = PBXGroup;
			children = (
				BCA5D76C30162AC90078A4F1 /* ReplayKitApp */,
				BCA5D77A30162ACA0078A4F1 /* ReplayKitAppTests */,
				BCA5D78430162ACA0078A4F1 /* ReplayKitAppUITests */,
				BC19159E3030692B006F54EB /* BroadcastExtension */,
				BC1915AA3030692B006F54EB /* BroadcastExtensionSetupUI */,
				BC19159B3030692B006F54EB /* Frameworks */,
				BCA5D76B30162AC90078A4F1 /* Products */,
			);
			sourceTree = "<group>";
		};
		BCA5D76B30162AC90078A4F1 /* Products */ = {
			isa = PBXGroup;
			children = (
				BCA5D76A30162AC90078A4F1 /* ReplayKitApp.app */,
				BCA5D77730162ACA0078A4F1 /* ReplayKitAppTests.xctest */,
				BCA5D78130162ACA0078A4F1 /* ReplayKitAppUITests.xctest */,
				BC19159A3030692B006F54EB /* BroadcastExtension.appex */,
				BC1915A63030692B006F54EB /* BroadcastExtensionSetupUI.appex */,
			);
			name = Products;
			sourceTree = "<group>";
		};
/* End PBXGroup section */

/* Begin PBXNativeTarget section */
		BC1915993030692B006F54EB /* BroadcastExtension */ = {
			isa = PBXNativeTarget;
			buildConfigurationList = BC1915BA3030692B006F54EB /* Build configuration list for PBXNativeTarget "BroadcastExtension" */;
			buildPhases = (
				BC1915963030692B006F54EB /* Sources */,
				BC1915973030692B006F54EB /* Frameworks */,
				BC1915983030692B006F54EB /* Resources */,
			);
			buildRules = (
			);
			dependencies = (
			);
			fileSystemSynchronizedGroups = (
				BC19159E3030692B006F54EB /* BroadcastExtension */,
			);
			name = BroadcastExtension;
			packageProductDependencies = (
			);
			productName = BroadcastExtension;
			productReference = BC19159A3030692B006F54EB /* BroadcastExtension.appex */;
			productType = "com.apple.product-type.app-extension";
		};
		BC1915A53030692B006F54EB /* BroadcastExtensionSetupUI */ = {
			isa = PBXNativeTarget;
			buildConfigurationList = BC1915BC3030692B006F54EB /* Build configuration list for PBXNativeTarget "BroadcastExtensionSetupUI" */;
			buildPhases = (
				BC1915A23030692B006F54EB /* Sources */,
				BC1915A33030692B006F54EB /* Frameworks */,
				BC1915A43030692B006F54EB /* Resources */,
			);
			buildRules = (
			);
			dependencies = (
			);
			fileSystemSynchronizedGroups = (
				BC1915AA3030692B006F54EB /* BroadcastExtensionSetupUI */,
			);
			name = BroadcastExtensionSetupUI;
			packageProductDependencies = (
			);
			productName = BroadcastExtensionSetupUI;
			productReference = BC1915A63030692B006F54EB /* BroadcastExtensionSetupUI.appex */;
			productType = "com.apple.product-type.app-extension";
		};
		BCA5D76930162AC90078A4F1 /* ReplayKitApp */ = {
			isa = PBXNativeTarget;
			buildConfigurationList = BCA5D78B30162ACA0078A4F1 /* Build configuration list for PBXNativeTarget "ReplayKitApp" */;
			buildPhases = (
				BCA5D76630162AC90078A4F1 /* Sources */,
				BCA5D76730162AC90078A4F1 /* Frameworks */,
				BCA5D76830162AC90078A4F1 /* Resources */,
				BC1915B43030692B006F54EB /* Embed Foundation Extensions */,
			);
			buildRules = (
			);
			dependencies = (
				BC1915AF3030692B006F54EB /* PBXTargetDependency */,
				BC1915B23030692B006F54EB /* PBXTargetDependency */,
			);
			fileSystemSynchronizedGroups = (
				BCA5D76C30162AC90078A4F1 /* ReplayKitApp */,
			);
			name = ReplayKitApp;
			packageProductDependencies = (
			);
			productName = ReplayKitApp;
			productReference = BCA5D76A30162AC90078A4F1 /* ReplayKitApp.app */;
			productType = "com.apple.product-type.application";
		};
		BCA5D77630162ACA0078A4F1 /* ReplayKitAppTests */ = {
			isa = PBXNativeTarget;
			buildConfigurationList = BCA5D78E30162ACA0078A4F1 /* Build configuration list for PBXNativeTarget "ReplayKitAppTests" */;
			buildPhases = (
				BCA5D77330162ACA0078A4F1 /* Sources */,
				BCA5D77430162ACA0078A4F1 /* Frameworks */,
				BCA5D77530162ACA0078A4F1 /* Resources */,
			);
			buildRules = (
			);
			dependencies = (
				BCA5D77930162ACA0078A4F1 /* PBXTargetDependency */,
			);
			fileSystemSynchronizedGroups = (
				BCA5D77A30162ACA0078A4F1 /* ReplayKitAppTests */,
			);
			name = ReplayKitAppTests;
			packageProductDependencies = (
			);
			productName = ReplayKitAppTests;
			productReference = BCA5D77730162ACA0078A4F1 /* ReplayKitAppTests.xctest */;
			productType = "com.apple.product-type.bundle.unit-test";
		};
		BCA5D78030162ACA0078A4F1 /* ReplayKitAppUITests */ = {
			isa = PBXNativeTarget;
			buildConfigurationList = BCA5D79130162ACA0078A4F1 /* Build configuration list for PBXNativeTarget "ReplayKitAppUITests" */;
			buildPhases = (
				BCA5D77D30162ACA0078A4F1 /* Sources */,
				BCA5D77E30162ACA0078A4F1 /* Frameworks */,
				BCA5D77F30162ACA0078A4F1 /* Resources */,
			);
			buildRules = (
			);
			dependencies = (
				BCA5D78330162ACA0078A4F1 /* PBXTargetDependency */,
			);
			fileSystemSynchronizedGroups = (
				BCA5D78430162ACA0078A4F1 /* ReplayKitAppUITests */,
			);
			name = ReplayKitAppUITests;
			packageProductDependencies = (
			);
			productName = ReplayKitAppUITests;
			productReference = BCA5D78130162ACA0078A4F1 /* ReplayKitAppUITests.xctest */;
			productType = "com.apple.product-type.bundle.ui-testing";
		};
/* End PBXNativeTarget section */

/* Begin PBXProject section */
		BCA5D76230162AC90078A4F1 /* Project object */ = {
			isa = PBXProject;
			attributes = {
				BuildIndependentTargetsInParallel = 1;
				LastSwiftUpdateCheck = 2640;
				LastUpgradeCheck = 2640;
				TargetAttributes = {
					BC1915993030692B006F54EB = {
						CreatedOnToolsVersion = 26.4.1;
					};
					BC1915A53030692B006F54EB = {
						CreatedOnToolsVersion = 26.4.1;
					};
					BCA5D76930162AC90078A4F1 = {
						CreatedOnToolsVersion = 26.4.1;
					};
					BCA5D77630162ACA0078A4F1 = {
						CreatedOnToolsVersion = 26.4.1;
						TestTargetID = BCA5D76930162AC90078A4F1;
					};
					BCA5D78030162ACA0078A4F1 = {
						CreatedOnToolsVersion = 26.4.1;
						TestTargetID = BCA5D76930162AC90078A4F1;
					};
				};
			};
			buildConfigurationList = BCA5D76530162AC90078A4F1 /* Build configuration list for PBXProject "ReplayKitApp" */;
			developmentRegion = en;
			hasScannedForEncodings = 0;
			knownRegions = (
				en,
				Base,
			);
			mainGroup = BCA5D76130162AC90078A4F1;
			minimizedProjectReferenceProxies = 1;
			preferredProjectObjectVersion = 77;
			productRefGroup = BCA5D76B30162AC90078A4F1 /* Products */;
			projectDirPath = "";
			projectRoot = "";
			targets = (
				BCA5D76930162AC90078A4F1 /* ReplayKitApp */,
				BCA5D77630162ACA0078A4F1 /* ReplayKitAppTests */,
				BCA5D78030162ACA0078A4F1 /* ReplayKitAppUITests */,
				BC1915993030692B006F54EB /* BroadcastExtension */,
				BC1915A53030692B006F54EB /* BroadcastExtensionSetupUI */,
			);
		};
/* End PBXProject section */

/* Begin PBXResourcesBuildPhase section */
		BC1915983030692B006F54EB /* Resources */ = {
			isa = PBXResourcesBuildPhase;
			buildActionMask = 2147483647;
			files = (
			);
			runOnlyForDeploymentPostprocessing = 0;
		};
		BC1915A43030692B006F54EB /* Resources */ = {
			isa = PBXResourcesBuildPhase;
			buildActionMask = 2147483647;
			files = (
			);
			runOnlyForDeploymentPostprocessing = 0;
		};
		BCA5D76830162AC90078A4F1 /* Resources */ = {
			isa = PBXResourcesBuildPhase;
			buildActionMask = 2147483647;
			files = (
			);
			runOnlyForDeploymentPostprocessing = 0;
		};
		BCA5D77530162ACA0078A4F1 /* Resources */ = {
			isa = PBXResourcesBuildPhase;
			buildActionMask = 2147483647;
			files = (
			);
			runOnlyForDeploymentPostprocessing = 0;
		};
		BCA5D77F30162ACA0078A4F1 /* Resources */ = {
			isa = PBXResourcesBuildPhase;
			buildActionMask = 2147483647;
			files = (
			);
			runOnlyForDeploymentPostprocessing = 0;
		};
/* End PBXResourcesBuildPhase section */

/* Begin PBXSourcesBuildPhase section */
		BC1915963030692B006F54EB /* Sources */ = {
			isa = PBXSourcesBuildPhase;
			buildActionMask = 2147483647;
			files = (
			);
			runOnlyForDeploymentPostprocessing = 0;
		};
		BC1915A23030692B006F54EB /* Sources */ = {
			isa = PBXSourcesBuildPhase;
			buildActionMask = 2147483647;
			files = (
			);
			runOnlyForDeploymentPostprocessing = 0;
		};
		BCA5D76630162AC90078A4F1 /* Sources */ = {
			isa = PBXSourcesBuildPhase;
			buildActionMask = 2147483647;
			files = (
			);
			runOnlyForDeploymentPostprocessing = 0;
		};
		BCA5D77330162ACA0078A4F1 /* Sources */ = {
			isa = PBXSourcesBuildPhase;
			buildActionMask = 2147483647;
			files = (
			);
			runOnlyForDeploymentPostprocessing = 0;
		};
		BCA5D77D30162ACA0078A4F1 /* Sources */ = {
			isa = PBXSourcesBuildPhase;
			buildActionMask = 2147483647;
			files = (
			);
			runOnlyForDeploymentPostprocessing = 0;
		};
/* End PBXSourcesBuildPhase section */

/* Begin PBXTargetDependency section */
		BC1915AF3030692B006F54EB /* PBXTargetDependency */ = {
			isa = PBXTargetDependency;
			target = BC1915A53030692B006F54EB /* BroadcastExtensionSetupUI */;
			targetProxy = BC1915AE3030692B006F54EB /* PBXContainerItemProxy */;
		};
		BC1915B23030692B006F54EB /* PBXTargetDependency */ = {
			isa = PBXTargetDependency;
			target = BC1915993030692B006F54EB /* BroadcastExtension */;
			targetProxy = BC1915B13030692B006F54EB /* PBXContainerItemProxy */;
		};
		BCA5D77930162ACA0078A4F1 /* PBXTargetDependency */ = {
			isa = PBXTargetDependency;
			target = BCA5D76930162AC90078A4F1 /* ReplayKitApp */;
			targetProxy = BCA5D77830162ACA0078A4F1 /* PBXContainerItemProxy */;
		};
		BCA5D78330162ACA0078A4F1 /* PBXTargetDependency */ = {
			isa = PBXTargetDependency;
			target = BCA5D76930162AC90078A4F1 /* ReplayKitApp */;
			targetProxy = BCA5D78230162ACA0078A4F1 /* PBXContainerItemProxy */;
		};
/* End PBXTargetDependency section */

/* Begin XCBuildConfiguration section */
		BC1915B53030692B006F54EB /* Debug */ = {
			isa = XCBuildConfiguration;
			buildSettings = {
				CODE_SIGN_ENTITLEMENTS = BroadcastExtension/BroadcastExtension.entitlements;
				CODE_SIGN_STYLE = Automatic;
				CURRENT_PROJECT_VERSION = 1;
				DEVELOPMENT_TEAM = 83P7Q7YP3W;
				GENERATE_INFOPLIST_FILE = YES;
				INFOPLIST_FILE = BroadcastExtension/Info.plist;
				INFOPLIST_KEY_CFBundleDisplayName = BroadcastExtension;
				INFOPLIST_KEY_NSHumanReadableCopyright = "";
				IPHONEOS_DEPLOYMENT_TARGET = 17.2.1;
				LD_RUNPATH_SEARCH_PATHS = (
					"$(inherited)",
					"@executable_path/Frameworks",
					"@executable_path/../../Frameworks",
				);
				MARKETING_VERSION = 1.0;
				PRODUCT_BUNDLE_IDENTIFIER = com.apkia.replaykitapp.BroadcastExtension;
				PRODUCT_NAME = "$(TARGET_NAME)";
				SKIP_INSTALL = YES;
				STRING_CATALOG_GENERATE_SYMBOLS = YES;
				SWIFT_APPROACHABLE_CONCURRENCY = YES;
				SWIFT_EMIT_LOC_STRINGS = YES;
				SWIFT_UPCOMING_FEATURE_MEMBER_IMPORT_VISIBILITY = YES;
				SWIFT_VERSION = 5.0;
				TARGETED_DEVICE_FAMILY = "1,2";
			};
			name = Debug;
		};
		BC1915B63030692B006F54EB /* Release */ = {
			isa = XCBuildConfiguration;
			buildSettings = {
				CODE_SIGN_ENTITLEMENTS = BroadcastExtension/BroadcastExtension.entitlements;
				CODE_SIGN_STYLE = Automatic;
				CURRENT_PROJECT_VERSION = 1;
				DEVELOPMENT_TEAM = 83P7Q7YP3W;
				GENERATE_INFOPLIST_FILE = YES;
				INFOPLIST_FILE = BroadcastExtension/Info.plist;
				INFOPLIST_KEY_CFBundleDisplayName = BroadcastExtension;
				INFOPLIST_KEY_NSHumanReadableCopyright = "";
				IPHONEOS_DEPLOYMENT_TARGET = 17.2.1;
				LD_RUNPATH_SEARCH_PATHS = (
					"$(inherited)",
					"@executable_path/Frameworks",
					"@executable_path/../../Frameworks",
				);
				MARKETING_VERSION = 1.0;
				PRODUCT_BUNDLE_IDENTIFIER = com.apkia.replaykitapp.BroadcastExtension;
				PRODUCT_NAME = "$(TARGET_NAME)";
				SKIP_INSTALL = YES;
				STRING_CATALOG_GENERATE_SYMBOLS = YES;
				SWIFT_APPROACHABLE_CONCURRENCY = YES;
				SWIFT_EMIT_LOC_STRINGS = YES;
				SWIFT_UPCOMING_FEATURE_MEMBER_IMPORT_VISIBILITY = YES;
				SWIFT_VERSION = 5.0;
				TARGETED_DEVICE_FAMILY = "1,2";
			};
			name = Release;
		};
		BC1915B73030692B006F54EB /* Debug */ = {
			isa = XCBuildConfiguration;
			buildSettings = {
				CODE_SIGN_STYLE = Automatic;
				CURRENT_PROJECT_VERSION = 1;
				DEVELOPMENT_TEAM = 83P7Q7YP3W;
				GENERATE_INFOPLIST_FILE = YES;
				INFOPLIST_FILE = BroadcastExtensionSetupUI/Info.plist;
				INFOPLIST_KEY_CFBundleDisplayName = BroadcastExtensionSetupUI;
				INFOPLIST_KEY_NSHumanReadableCopyright = "";
				IPHONEOS_DEPLOYMENT_TARGET = 17.2.1;
				LD_RUNPATH_SEARCH_PATHS = (
					"$(inherited)",
					"@executable_path/Frameworks",
					"@executable_path/../../Frameworks",
				);
				MARKETING_VERSION = 1.0;
				PRODUCT_BUNDLE_IDENTIFIER = com.apkia.replaykitapp.BroadcastExtensionSetupUI;
				PRODUCT_NAME = "$(TARGET_NAME)";
				SKIP_INSTALL = YES;
				STRING_CATALOG_GENERATE_SYMBOLS = YES;
				SWIFT_APPROACHABLE_CONCURRENCY = YES;
				SWIFT_EMIT_LOC_STRINGS = YES;
				SWIFT_UPCOMING_FEATURE_MEMBER_IMPORT_VISIBILITY = YES;
				SWIFT_VERSION = 5.0;
				TARGETED_DEVICE_FAMILY = "1,2";
			};
			name = Debug;
		};
		BC1915B83030692B006F54EB /* Release */ = {
			isa = XCBuildConfiguration;
			buildSettings = {
				CODE_SIGN_STYLE = Automatic;
				CURRENT_PROJECT_VERSION = 1;
				DEVELOPMENT_TEAM = 83P7Q7YP3W;
				GENERATE_INFOPLIST_FILE = YES;
				INFOPLIST_FILE = BroadcastExtensionSetupUI/Info.plist;
				INFOPLIST_KEY_CFBundleDisplayName = BroadcastExtensionSetupUI;
				INFOPLIST_KEY_NSHumanReadableCopyright = "";
				IPHONEOS_DEPLOYMENT_TARGET = 17.2.1;
				LD_RUNPATH_SEARCH_PATHS = (
					"$(inherited)",
					"@executable_path/Frameworks",
					"@executable_path/../../Frameworks",
				);
				MARKETING_VERSION = 1.0;
				PRODUCT_BUNDLE_IDENTIFIER = com.apkia.replaykitapp.BroadcastExtensionSetupUI;
				PRODUCT_NAME = "$(TARGET_NAME)";
				SKIP_INSTALL = YES;
				STRING_CATALOG_GENERATE_SYMBOLS = YES;
				SWIFT_APPROACHABLE_CONCURRENCY = YES;
				SWIFT_EMIT_LOC_STRINGS = YES;
				SWIFT_UPCOMING_FEATURE_MEMBER_IMPORT_VISIBILITY = YES;
				SWIFT_VERSION = 5.0;
				TARGETED_DEVICE_FAMILY = "1,2";
			};
			name = Release;
		};
		BCA5D78930162ACA0078A4F1 /* Debug */ = {
			isa = XCBuildConfiguration;
			buildSettings = {
				ALWAYS_SEARCH_USER_PATHS = NO;
				ASSETCATALOG_COMPILER_GENERATE_SWIFT_ASSET_SYMBOL_EXTENSIONS = YES;
				CLANG_ANALYZER_NONNULL = YES;
				CLANG_ANALYZER_NUMBER_OBJECT_CONVERSION = YES_AGGRESSIVE;
				CLANG_CXX_LANGUAGE_STANDARD = "gnu++20";
				CLANG_ENABLE_MODULES = YES;
				CLANG_ENABLE_OBJC_ARC = YES;
				CLANG_ENABLE_OBJC_WEAK = YES;
				CLANG_WARN_BLOCK_CAPTURE_AUTORELEASING = YES;
				CLANG_WARN_BOOL_CONVERSION = YES;
				CLANG_WARN_COMMA = YES;
				CLANG_WARN_CONSTANT_CONVERSION = YES;
				CLANG_WARN_DEPRECATED_OBJC_IMPLEMENTATIONS = YES;
				CLANG_WARN_DIRECT_OBJC_ISA_USAGE = YES_ERROR;
				CLANG_WARN_DOCUMENTATION_COMMENTS = YES;
				CLANG_WARN_EMPTY_BODY = YES;
				CLANG_WARN_ENUM_CONVERSION = YES;
				CLANG_WARN_INFINITE_RECURSION = YES;
				CLANG_WARN_INT_CONVERSION = YES;
				CLANG_WARN_NON_LITERAL_NULL_CONVERSION = YES;
				CLANG_WARN_OBJC_IMPLICIT_RETAIN_SELF = YES;
				CLANG_WARN_OBJC_LITERAL_CONVERSION = YES;
				CLANG_WARN_OBJC_ROOT_CLASS = YES_ERROR;
				CLANG_WARN_QUOTED_INCLUDE_IN_FRAMEWORK_HEADER = YES;
				CLANG_WARN_RANGE_LOOP_ANALYSIS = YES;
				CLANG_WARN_STRICT_PROTOTYPES = YES;
				CLANG_WARN_SUSPICIOUS_MOVE = YES;
				CLANG_WARN_UNGUARDED_AVAILABILITY = YES_AGGRESSIVE;
				CLANG_WARN_UNREACHABLE_CODE = YES;
				CLANG_WARN__DUPLICATE_METHOD_MATCH = YES;
				COPY_PHASE_STRIP = NO;
				DEBUG_INFORMATION_FORMAT = dwarf;
				DEVELOPMENT_TEAM = 83P7Q7YP3W;
				ENABLE_STRICT_OBJC_MSGSEND = YES;
				ENABLE_TESTABILITY = YES;
				ENABLE_USER_SCRIPT_SANDBOXING = YES;
				GCC_C_LANGUAGE_STANDARD = gnu17;
				GCC_DYNAMIC_NO_PIC = NO;
				GCC_NO_COMMON_BLOCKS = YES;
				GCC_OPTIMIZATION_LEVEL = 0;
				GCC_PREPROCESSOR_DEFINITIONS = (
					"DEBUG=1",
					"$(inherited)",
				);
				GCC_WARN_64_TO_32_BIT_CONVERSION = YES;
				GCC_WARN_ABOUT_RETURN_TYPE = YES_ERROR;
				GCC_WARN_UNDECLARED_SELECTOR = YES;
				GCC_WARN_UNINITIALIZED_AUTOS = YES_AGGRESSIVE;
				GCC_WARN_UNUSED_FUNCTION = YES;
				GCC_WARN_UNUSED_VARIABLE = YES;
				IPHONEOS_DEPLOYMENT_TARGET = 26.4;
				LOCALIZATION_PREFERS_STRING_CATALOGS = YES;
				MTL_ENABLE_DEBUG_INFO = INCLUDE_SOURCE;
				MTL_FAST_MATH = YES;
				ONLY_ACTIVE_ARCH = YES;
				SDKROOT = iphoneos;
				SWIFT_ACTIVE_COMPILATION_CONDITIONS = "DEBUG $(inherited)";
				SWIFT_OPTIMIZATION_LEVEL = "-Onone";
			};
			name = Debug;
		};
		BCA5D78A30162ACA0078A4F1 /* Release */ = {
			isa = XCBuildConfiguration;
			buildSettings = {
				ALWAYS_SEARCH_USER_PATHS = NO;
				ASSETCATALOG_COMPILER_GENERATE_SWIFT_ASSET_SYMBOL_EXTENSIONS = YES;
				CLANG_ANALYZER_NONNULL = YES;
				CLANG_ANALYZER_NUMBER_OBJECT_CONVERSION = YES_AGGRESSIVE;
				CLANG_CXX_LANGUAGE_STANDARD = "gnu++20";
				CLANG_ENABLE_MODULES = YES;
				CLANG_ENABLE_OBJC_ARC = YES;
				CLANG_ENABLE_OBJC_WEAK = YES;
				CLANG_WARN_BLOCK_CAPTURE_AUTORELEASING = YES;
				CLANG_WARN_BOOL_CONVERSION = YES;
				CLANG_WARN_COMMA = YES;
				CLANG_WARN_CONSTANT_CONVERSION = YES;
				CLANG_WARN_DEPRECATED_OBJC_IMPLEMENTATIONS = YES;
				CLANG_WARN_DIRECT_OBJC_ISA_USAGE = YES_ERROR;
				CLANG_WARN_DOCUMENTATION_COMMENTS = YES;
				CLANG_WARN_EMPTY_BODY = YES;
				CLANG_WARN_ENUM_CONVERSION = YES;
				CLANG_WARN_INFINITE_RECURSION = YES;
				CLANG_WARN_INT_CONVERSION = YES;
				CLANG_WARN_NON_LITERAL_NULL_CONVERSION = YES;
				CLANG_WARN_OBJC_IMPLICIT_RETAIN_SELF = YES;
				CLANG_WARN_OBJC_LITERAL_CONVERSION = YES;
				CLANG_WARN_OBJC_ROOT_CLASS = YES_ERROR;
				CLANG_WARN_QUOTED_INCLUDE_IN_FRAMEWORK_HEADER = YES;
				CLANG_WARN_RANGE_LOOP_ANALYSIS = YES;
				CLANG_WARN_STRICT_PROTOTYPES = YES;
				CLANG_WARN_SUSPICIOUS_MOVE = YES;
				CLANG_WARN_UNGUARDED_AVAILABILITY = YES_AGGRESSIVE;
				CLANG_WARN_UNREACHABLE_CODE = YES;
				CLANG_WARN__DUPLICATE_METHOD_MATCH = YES;
				COPY_PHASE_STRIP = NO;
				DEBUG_INFORMATION_FORMAT = "dwarf-with-dsym";
				DEVELOPMENT_TEAM = 83P7Q7YP3W;
				ENABLE_NS_ASSERTIONS = NO;
				ENABLE_STRICT_OBJC_MSGSEND = YES;
				ENABLE_USER_SCRIPT_SANDBOXING = YES;
				GCC_C_LANGUAGE_STANDARD = gnu17;
				GCC_NO_COMMON_BLOCKS = YES;
				GCC_WARN_64_TO_32_BIT_CONVERSION = YES;
				GCC_WARN_ABOUT_RETURN_TYPE = YES_ERROR;
				GCC_WARN_UNDECLARED_SELECTOR = YES;
				GCC_WARN_UNINITIALIZED_AUTOS = YES_AGGRESSIVE;
				GCC_WARN_UNUSED_FUNCTION = YES;
				GCC_WARN_UNUSED_VARIABLE = YES;
				IPHONEOS_DEPLOYMENT_TARGET = 26.4;
				LOCALIZATION_PREFERS_STRING_CATALOGS = YES;
				MTL_ENABLE_DEBUG_INFO = NO;
				MTL_FAST_MATH = YES;
				SDKROOT = iphoneos;
				SWIFT_COMPILATION_MODE = wholemodule;
				VALIDATE_PRODUCT = YES;
			};
			name = Release;
		};
		BCA5D78C30162ACA0078A4F1 /* Debug */ = {
			isa = XCBuildConfiguration;
			buildSettings = {
				ASSETCATALOG_COMPILER_APPICON_NAME = AppIcon;
				ASSETCATALOG_COMPILER_GLOBAL_ACCENT_COLOR_NAME = AccentColor;
				CODE_SIGN_ENTITLEMENTS = ReplayKitApp/ReplayKitApp.entitlements;
				CODE_SIGN_STYLE = Automatic;
				CURRENT_PROJECT_VERSION = 1;
				DEVELOPMENT_ASSET_PATHS = ReplayKitApp/docs/;
				DEVELOPMENT_TEAM = 83P7Q7YP3W;
				ENABLE_PREVIEWS = YES;
				GENERATE_INFOPLIST_FILE = YES;
				INFOPLIST_KEY_NSFaceIDUsageDescription = "Please Allow App to authenticate via Biometrics";
				INFOPLIST_KEY_NSPhotoLibraryAddUsageDescription = "Allow ReplayKit App to save completed broadcasts to Photos.";
				INFOPLIST_KEY_UIApplicationSceneManifest_Generation = YES;
				INFOPLIST_KEY_UIApplicationSupportsIndirectInputEvents = YES;
				INFOPLIST_KEY_UILaunchScreen_Generation = YES;
				INFOPLIST_KEY_UISupportedInterfaceOrientations_iPad = "UIInterfaceOrientationPortrait UIInterfaceOrientationPortraitUpsideDown UIInterfaceOrientationLandscapeLeft UIInterfaceOrientationLandscapeRight";
				INFOPLIST_KEY_UISupportedInterfaceOrientations_iPhone = "UIInterfaceOrientationPortrait UIInterfaceOrientationLandscapeLeft UIInterfaceOrientationLandscapeRight";
				IPHONEOS_DEPLOYMENT_TARGET = 17.2.1;
				LD_RUNPATH_SEARCH_PATHS = (
					"$(inherited)",
					"@executable_path/Frameworks",
				);
				MARKETING_VERSION = 1.0;
				PRODUCT_BUNDLE_IDENTIFIER = com.apkia.replaykitapp;
				PRODUCT_NAME = "$(TARGET_NAME)";
				STRING_CATALOG_GENERATE_SYMBOLS = YES;
				SWIFT_APPROACHABLE_CONCURRENCY = YES;
				SWIFT_DEFAULT_ACTOR_ISOLATION = MainActor;
				SWIFT_EMIT_LOC_STRINGS = YES;
				SWIFT_UPCOMING_FEATURE_MEMBER_IMPORT_VISIBILITY = YES;
				SWIFT_VERSION = 5.0;
				TARGETED_DEVICE_FAMILY = "1,2";
			};
			name = Debug;
		};
		BCA5D78D30162ACA0078A4F1 /* Release */ = {
			isa = XCBuildConfiguration;
			buildSettings = {
				ASSETCATALOG_COMPILER_APPICON_NAME = AppIcon;
				ASSETCATALOG_COMPILER_GLOBAL_ACCENT_COLOR_NAME = AccentColor;
				CODE_SIGN_ENTITLEMENTS = ReplayKitApp/ReplayKitApp.entitlements;
				CODE_SIGN_STYLE = Automatic;
				CURRENT_PROJECT_VERSION = 1;
				DEVELOPMENT_ASSET_PATHS = ReplayKitApp/docs/;
				DEVELOPMENT_TEAM = 83P7Q7YP3W;
				ENABLE_PREVIEWS = YES;
				GENERATE_INFOPLIST_FILE = YES;
				INFOPLIST_KEY_NSFaceIDUsageDescription = "Please Allow App to authenticate via Biometrics";
				INFOPLIST_KEY_NSPhotoLibraryAddUsageDescription = "Allow ReplayKit App to save completed broadcasts to Photos.";
				INFOPLIST_KEY_UIApplicationSceneManifest_Generation = YES;
				INFOPLIST_KEY_UIApplicationSupportsIndirectInputEvents = YES;
				INFOPLIST_KEY_UILaunchScreen_Generation = YES;
				INFOPLIST_KEY_UISupportedInterfaceOrientations_iPad = "UIInterfaceOrientationPortrait UIInterfaceOrientationPortraitUpsideDown UIInterfaceOrientationLandscapeLeft UIInterfaceOrientationLandscapeRight";
				INFOPLIST_KEY_UISupportedInterfaceOrientations_iPhone = "UIInterfaceOrientationPortrait UIInterfaceOrientationLandscapeLeft UIInterfaceOrientationLandscapeRight";
				IPHONEOS_DEPLOYMENT_TARGET = 17.2.1;
				LD_RUNPATH_SEARCH_PATHS = (
					"$(inherited)",
					"@executable_path/Frameworks",
				);
				MARKETING_VERSION = 1.0;
				PRODUCT_BUNDLE_IDENTIFIER = com.apkia.replaykitapp;
				PRODUCT_NAME = "$(TARGET_NAME)";
				STRING_CATALOG_GENERATE_SYMBOLS = YES;
				SWIFT_APPROACHABLE_CONCURRENCY = YES;
				SWIFT_DEFAULT_ACTOR_ISOLATION = MainActor;
				SWIFT_EMIT_LOC_STRINGS = YES;
				SWIFT_UPCOMING_FEATURE_MEMBER_IMPORT_VISIBILITY = YES;
				SWIFT_VERSION = 5.0;
				TARGETED_DEVICE_FAMILY = "1,2";
			};
			name = Release;
		};
		BCA5D78F30162ACA0078A4F1 /* Debug */ = {
			isa = XCBuildConfiguration;
			buildSettings = {
				BUNDLE_LOADER = "$(TEST_HOST)";
				CODE_SIGN_STYLE = Automatic;
				CURRENT_PROJECT_VERSION = 1;
				DEVELOPMENT_TEAM = 83P7Q7YP3W;
				GENERATE_INFOPLIST_FILE = YES;
				IPHONEOS_DEPLOYMENT_TARGET = 26.4;
				MARKETING_VERSION = 1.0;
				PRODUCT_BUNDLE_IDENTIFIER = "com.apkia.ble-test.ReplayKitAppTests";
				PRODUCT_NAME = "$(TARGET_NAME)";
				STRING_CATALOG_GENERATE_SYMBOLS = NO;
				SWIFT_APPROACHABLE_CONCURRENCY = YES;
				SWIFT_EMIT_LOC_STRINGS = NO;
				SWIFT_UPCOMING_FEATURE_MEMBER_IMPORT_VISIBILITY = YES;
				SWIFT_VERSION = 5.0;
				TARGETED_DEVICE_FAMILY = "1,2";
				TEST_HOST = "$(BUILT_PRODUCTS_DIR)/ReplayKitApp.app/$(BUNDLE_EXECUTABLE_FOLDER_PATH)/ReplayKitApp";
			};
			name = Debug;
		};
		BCA5D79030162ACA0078A4F1 /* Release */ = {
			isa = XCBuildConfiguration;
			buildSettings = {
				BUNDLE_LOADER = "$(TEST_HOST)";
				CODE_SIGN_STYLE = Automatic;
				CURRENT_PROJECT_VERSION = 1;
				DEVELOPMENT_TEAM = 83P7Q7YP3W;
				GENERATE_INFOPLIST_FILE = YES;
				IPHONEOS_DEPLOYMENT_TARGET = 26.4;
				MARKETING_VERSION = 1.0;
				PRODUCT_BUNDLE_IDENTIFIER = "com.apkia.ble-test.ReplayKitAppTests";
				PRODUCT_NAME = "$(TARGET_NAME)";
				STRING_CATALOG_GENERATE_SYMBOLS = NO;
				SWIFT_APPROACHABLE_CONCURRENCY = YES;
				SWIFT_EMIT_LOC_STRINGS = NO;
				SWIFT_UPCOMING_FEATURE_MEMBER_IMPORT_VISIBILITY = YES;
				SWIFT_VERSION = 5.0;
				TARGETED_DEVICE_FAMILY = "1,2";
				TEST_HOST = "$(BUILT_PRODUCTS_DIR)/ReplayKitApp.app/$(BUNDLE_EXECUTABLE_FOLDER_PATH)/ReplayKitApp";
			};
			name = Release;
		};
		BCA5D79230162ACA0078A4F1 /* Debug */ = {
			isa = XCBuildConfiguration;
			buildSettings = {
				CODE_SIGN_STYLE = Automatic;
				CURRENT_PROJECT_VERSION = 1;
				DEVELOPMENT_TEAM = 83P7Q7YP3W;
				GENERATE_INFOPLIST_FILE = YES;
				MARKETING_VERSION = 1.0;
				PRODUCT_BUNDLE_IDENTIFIER = "com.apkia.ble-test.ReplayKitAppUITests";
				PRODUCT_NAME = "$(TARGET_NAME)";
				STRING_CATALOG_GENERATE_SYMBOLS = NO;
				SWIFT_APPROACHABLE_CONCURRENCY = YES;
				SWIFT_EMIT_LOC_STRINGS = NO;
				SWIFT_UPCOMING_FEATURE_MEMBER_IMPORT_VISIBILITY = YES;
				SWIFT_VERSION = 5.0;
				TARGETED_DEVICE_FAMILY = "1,2";
				TEST_TARGET_NAME = ReplayKitApp;
			};
			name = Debug;
		};
		BCA5D79330162ACA0078A4F1 /* Release */ = {
			isa = XCBuildConfiguration;
			buildSettings = {
				CODE_SIGN_STYLE = Automatic;
				CURRENT_PROJECT_VERSION = 1;
				DEVELOPMENT_TEAM = 83P7Q7YP3W;
				GENERATE_INFOPLIST_FILE = YES;
				MARKETING_VERSION = 1.0;
				PRODUCT_BUNDLE_IDENTIFIER = "com.apkia.ble-test.ReplayKitAppUITests";
				PRODUCT_NAME = "$(TARGET_NAME)";
				STRING_CATALOG_GENERATE_SYMBOLS = NO;
				SWIFT_APPROACHABLE_CONCURRENCY = YES;
				SWIFT_EMIT_LOC_STRINGS = NO;
				SWIFT_UPCOMING_FEATURE_MEMBER_IMPORT_VISIBILITY = YES;
				SWIFT_VERSION = 5.0;
				TARGETED_DEVICE_FAMILY = "1,2";
				TEST_TARGET_NAME = ReplayKitApp;
			};
			name = Release;
		};
/* End XCBuildConfiguration section */

/* Begin XCConfigurationList section */
		BC1915BA3030692B006F54EB /* Build configuration list for PBXNativeTarget "BroadcastExtension" */ = {
			isa = XCConfigurationList;
			buildConfigurations = (
				BC1915B53030692B006F54EB /* Debug */,
				BC1915B63030692B006F54EB /* Release */,
			);
			defaultConfigurationIsVisible = 0;
			defaultConfigurationName = Release;
		};
		BC1915BC3030692B006F54EB /* Build configuration list for PBXNativeTarget "BroadcastExtensionSetupUI" */ = {
			isa = XCConfigurationList;
			buildConfigurations = (
				BC1915B73030692B006F54EB /* Debug */,
				BC1915B83030692B006F54EB /* Release */,
			);
			defaultConfigurationIsVisible = 0;
			defaultConfigurationName = Release;
		};
		BCA5D76530162AC90078A4F1 /* Build configuration list for PBXProject "ReplayKitApp" */ = {
			isa = XCConfigurationList;
			buildConfigurations = (
				BCA5D78930162ACA0078A4F1 /* Debug */,
				BCA5D78A30162ACA0078A4F1 /* Release */,
			);
			defaultConfigurationIsVisible = 0;
			defaultConfigurationName = Release;
		};
		BCA5D78B30162ACA0078A4F1 /* Build configuration list for PBXNativeTarget "ReplayKitApp" */ = {
			isa = XCConfigurationList;
			buildConfigurations = (
				BCA5D78C30162ACA0078A4F1 /* Debug */,
				BCA5D78D30162ACA0078A4F1 /* Release */,
			);
			defaultConfigurationIsVisible = 0;
			defaultConfigurationName = Release;
		};
		BCA5D78E30162ACA0078A4F1 /* Build configuration list for PBXNativeTarget "ReplayKitAppTests" */ = {
			isa = XCConfigurationList;
			buildConfigurations = (
				BCA5D78F30162ACA0078A4F1 /* Debug */,
				BCA5D79030162ACA0078A4F1 /* Release */,
			);
			defaultConfigurationIsVisible = 0;
			defaultConfigurationName = Release;
		};
		BCA5D79130162ACA0078A4F1 /* Build configuration list for PBXNativeTarget "ReplayKitAppUITests" */ = {
			isa = XCConfigurationList;
			buildConfigurations = (
				BCA5D79230162ACA0078A4F1 /* Debug */,
				BCA5D79330162ACA0078A4F1 /* Release */,
			);
			defaultConfigurationIsVisible = 0;
			defaultConfigurationName = Release;
		};
/* End XCConfigurationList section */
	};
	rootObject = BCA5D76230162AC90078A4F1 /* Project object */;
}
